
Microsoft Visual Studio Solution File, Format Version 12.00
# Visual Studio Version 17
VisualStudioVersion = 17.3.32901.215
MinimumVisualStudioVersion = 10.0.40219.1
Project("{FAE04EC0-301F-11D3-BF4B-00C04F79EFBC}") = "02.Operator", "Csharp_Programming\02.Operator.csproj", "{62136D4D-E429-4BC5-BB5A-E81BBAFCF78C}"
EndProject
Project("{FAE04EC0-301F-11D3-BF4B-00C04F79EFBC}") = "00.Programming", "ConsoleApp1\00.Programming.csproj", "{32C2593F-4601-47DC-8AA7-463B7B618481}"
EndProject
Project("{FAE04EC0-301F-11D3-BF4B-00C04F79EFBC}") = "01.DataType", "01.DataType\01.DataType.csproj", "{AB0EE622-058A-4FCF-B697-86BF15EF76C9}"
EndProject
Global
	GlobalSection(SolutionConfigurationPlatforms) = preSolution
		Debug|Any CPU = Debug|Any CPU
		Release|Any CPU = Release|Any CPU
	EndGlobalSection
	GlobalSection(ProjectConfigurationPlatforms) = postSolution
		{62136D4D-E429-4BC5-BB5A-E81BBAFCF78C}.Debug|Any CPU.ActiveCfg = Debug|Any CPU
		{62136D4D-E429-4BC5-BB5A-E81BBAFCF78C}.Debug|Any CPU.Build.0 = Debug|Any CPU
		{62136D4D-E429-4BC5-BB5A-E81BBAFCF78C}.Release|Any CPU.ActiveCfg = Release|Any CPU
		{62136D4D-E429-4BC5-BB5A-E81BBAFCF78C}.Release|Any CPU.Build.0 = Release|Any CPU
		{32C2593F-4601-47DC-8AA7-463B7B618481}.Debug|Any CPU.ActiveCfg = Debug|Any CPU
		{32C2593F-4601-47DC-8AA7-463B7B618481}.Debug|Any CPU.Build.0 = Debug|Any CPU
		{32C2593F-4601-47DC-8AA7-463B7B618481}.Release|Any CPU.ActiveCfg = Release|Any CPU
		{32C2593F-4601-47DC-8AA7-463B7B618481}.Release|Any CPU.Build.0 = Release|Any CPU
		{AB0EE622-058A-4FCF-B697-86BF15EF76C9}.Debug|Any CPU.ActiveCfg = Debug|Any CPU
		{AB0EE622-058A-4FCF-B697-86BF15EF76C9}.Debug|Any CPU.Build.0 = Debug|Any CPU
		{AB0EE622-058A-4FCF-B697-86BF15EF76C9}.Release|Any CPU.ActiveCfg = Release|Any CPU
		{AB0EE622-058A-4FCF-B697-86BF15EF76C9}.Release|Any CPU.Build.0 = Release|Any CPU
	EndGlobalSection
	GlobalSection(SolutionProperties) = preSolution
		HideSolutionNode = FALSE
	EndGlobalSection
	GlobalSection(ExtensibilityGlobals) = postSolution
		SolutionGuid = {1681417C-FAE1-44A9-8828-3B2E7947A383}
	EndGlobalSection
EndGlobal
