
Microsoft Visual Studio Solution File, Format Version 12.00
# Visual Studio Version 17
VisualStudioVersion = 17.3.32901.215
MinimumVisualStudioVersion = 10.0.40219.1
Project("{FAE04EC0-301F-11D3-BF4B-00C04F79EFBC}") = "02.Operator", "Csharp_Programming\02.Operator.csproj", "{62136D4D-E429-4BC5-BB5A-E81BBAFCF78C}"
EndProject
Project("{FAE04EC0-301F-11D3-BF4B-00C04F79EFBC}") = "00.Programming", "ConsoleApp1\00.Programming.csproj", "{32C2593F-4601-47DC-8AA7-463B7B618481}"
EndProject
Project("{FAE04EC0-301F-11D3-BF4B-00C04F79EFBC}") = "01.DataType", "01.DataType\01.DataType.csproj", "{AB0EE622-058A-4FCF-B697-86BF15EF76C9}"
EndProject
Project("{FAE04EC0-301F-11D3-BF4B-00C04F79EFBC}") = "03.Conditional", "03.Conditional\03.Conditional.csproj", "{C162B800-0AF5-4AE3-94D7-B879C404469F}"
EndProject
Project("{FAE04EC0-301F-11D3-BF4B-00C04F79EFBC}") = "04.Loop", "04.Loop\04.Loop.csproj", "{9566A3AF-ACE6-456E-AAD3-728A90C40BCD}"
EndProject
Project("{FAE04EC0-301F-11D3-BF4B-00C04F79EFBC}") = "05.Function", "05.Function\05.Function.csproj", "{8416DB45-0E30-4A1F-B0F8-DDE64B7B5B87}"
EndProject
Project("{FAE04EC0-301F-11D3-BF4B-00C04F79EFBC}") = "06.UserDefineType", "06.UserDefineType\06.UserDefineType.csproj", "{8CC4FB0D-ECB0-458B-A2F0-93306DB243AB}"
EndProject
Project("{FAE04EC0-301F-11D3-BF4B-00C04F79EFBC}") = "07.Class", "07.Class\07.Class.csproj", "{E55018ED-7485-4FEF-A242-1E90B3E3D365}"
EndProject
Project("{FAE04EC0-301F-11D3-BF4B-00C04F79EFBC}") = "08.Memory", "08.Memory\08.Memory.csproj", "{E7000A4C-8083-464C-86D2-3445BAA944A1}"
EndProject
Project("{FAE04EC0-301F-11D3-BF4B-00C04F79EFBC}") = "09.OOP", "09.OOP\09.OOP.csproj", "{0C634BE5-ADE6-4B86-BDBF-E90093E0C835}"
EndProject
Project("{FAE04EC0-301F-11D3-BF4B-00C04F79EFBC}") = "10.Interface", "10.Interface\10.Interface.csproj", "{F19ACAA7-B338-42CE-868C-FF8CDA33C1C7}"
EndProject
Project("{FAE04EC0-301F-11D3-BF4B-00C04F79EFBC}") = "11.Array", "11.Array\11.Array.csproj", "{5E6B7C3B-2770-41EF-9EC7-2B25CAE07FF7}"
EndProject
Project("{FAE04EC0-301F-11D3-BF4B-00C04F79EFBC}") = "12.Generic", "12.Generic\12.Generic.csproj", "{BB481D8B-91F1-4334-A556-9C7D4C5FDB5A}"
EndProject
Project("{FAE04EC0-301F-11D3-BF4B-00C04F79EFBC}") = "13.Exception", "13.Exception\13.Exception.csproj", "{E75A003F-2DCF-4248-AF9D-D8AA9B7F9712}"
EndProject
Project("{FAE04EC0-301F-11D3-BF4B-00C04F79EFBC}") = "14.Delegate", "14.Delegate\14.Delegate.csproj", "{9BAD9CA8-4FE7-4810-965C-61332535E3B3}"
EndProject
Project("{FAE04EC0-301F-11D3-BF4B-00C04F79EFBC}") = "15.Event", "15.Event\15.Event.csproj", "{966A35F7-3CE7-49A5-B77A-F4714EA9A98C}"
EndProject
Project("{FAE04EC0-301F-11D3-BF4B-00C04F79EFBC}") = "16.Additional", "16.Additional\16.Additional.csproj", "{3DA7B014-CCC1-441A-8054-2DE269A498D8}"
EndProject
Global
	GlobalSection(SolutionConfigurationPlatforms) = preSolution
		Debug|Any CPU = Debug|Any CPU
		Release|Any CPU = Release|Any CPU
	EndGlobalSection
	GlobalSection(ProjectConfigurationPlatforms) = postSolution
		{62136D4D-E429-4BC5-BB5A-E81BBAFCF78C}.Debug|Any CPU.ActiveCfg = Debug|Any CPU
		{62136D4D-E429-4BC5-BB5A-E81BBAFCF78C}.Debug|Any CPU.Build.0 = Debug|Any CPU
		{62136D4D-E429-4BC5-BB5A-E81BBAFCF78C}.Release|Any CPU.ActiveCfg = Release|Any CPU
		{62136D4D-E429-4BC5-BB5A-E81BBAFCF78C}.Release|Any CPU.Build.0 = Release|Any CPU
		{32C2593F-4601-47DC-8AA7-463B7B618481}.Debug|Any CPU.ActiveCfg = Debug|Any CPU
		{32C2593F-4601-47DC-8AA7-463B7B618481}.Debug|Any CPU.Build.0 = Debug|Any CPU
		{32C2593F-4601-47DC-8AA7-463B7B618481}.Release|Any CPU.ActiveCfg = Release|Any CPU
		{32C2593F-4601-47DC-8AA7-463B7B618481}.Release|Any CPU.Build.0 = Release|Any CPU
		{AB0EE622-058A-4FCF-B697-86BF15EF76C9}.Debug|Any CPU.ActiveCfg = Debug|Any CPU
		{AB0EE622-058A-4FCF-B697-86BF15EF76C9}.Debug|Any CPU.Build.0 = Debug|Any CPU
		{AB0EE622-058A-4FCF-B697-86BF15EF76C9}.Release|Any CPU.ActiveCfg = Release|Any CPU
		{AB0EE622-058A-4FCF-B697-86BF15EF76C9}.Release|Any CPU.Build.0 = Release|Any CPU
		{C162B800-0AF5-4AE3-94D7-B879C404469F}.Debug|Any CPU.ActiveCfg = Debug|Any CPU
		{C162B800-0AF5-4AE3-94D7-B879C404469F}.Debug|Any CPU.Build.0 = Debug|Any CPU
		{C162B800-0AF5-4AE3-94D7-B879C404469F}.Release|Any CPU.ActiveCfg = Release|Any CPU
		{C162B800-0AF5-4AE3-94D7-B879C404469F}.Release|Any CPU.Build.0 = Release|Any CPU
		{9566A3AF-ACE6-456E-AAD3-728A90C40BCD}.Debug|Any CPU.ActiveCfg = Debug|Any CPU
		{9566A3AF-ACE6-456E-AAD3-728A90C40BCD}.Debug|Any CPU.Build.0 = Debug|Any CPU
		{9566A3AF-ACE6-456E-AAD3-728A90C40BCD}.Release|Any CPU.ActiveCfg = Release|Any CPU
		{9566A3AF-ACE6-456E-AAD3-728A90C40BCD}.Release|Any CPU.Build.0 = Release|Any CPU
		{8416DB45-0E30-4A1F-B0F8-DDE64B7B5B87}.Debug|Any CPU.ActiveCfg = Debug|Any CPU
		{8416DB45-0E30-4A1F-B0F8-DDE64B7B5B87}.Debug|Any CPU.Build.0 = Debug|Any CPU
		{8416DB45-0E30-4A1F-B0F8-DDE64B7B5B87}.Release|Any CPU.ActiveCfg = Release|Any CPU
		{8416DB45-0E30-4A1F-B0F8-DDE64B7B5B87}.Release|Any CPU.Build.0 = Release|Any CPU
		{8CC4FB0D-ECB0-458B-A2F0-93306DB243AB}.Debug|Any CPU.ActiveCfg = Debug|Any CPU
		{8CC4FB0D-ECB0-458B-A2F0-93306DB243AB}.Debug|Any CPU.Build.0 = Debug|Any CPU
		{8CC4FB0D-ECB0-458B-A2F0-93306DB243AB}.Release|Any CPU.ActiveCfg = Release|Any CPU
		{8CC4FB0D-ECB0-458B-A2F0-93306DB243AB}.Release|Any CPU.Build.0 = Release|Any CPU
		{E55018ED-7485-4FEF-A242-1E90B3E3D365}.Debug|Any CPU.ActiveCfg = Debug|Any CPU
		{E55018ED-7485-4FEF-A242-1E90B3E3D365}.Debug|Any CPU.Build.0 = Debug|Any CPU
		{E55018ED-7485-4FEF-A242-1E90B3E3D365}.Release|Any CPU.ActiveCfg = Release|Any CPU
		{E55018ED-7485-4FEF-A242-1E90B3E3D365}.Release|Any CPU.Build.0 = Release|Any CPU
		{E7000A4C-8083-464C-86D2-3445BAA944A1}.Debug|Any CPU.ActiveCfg = Debug|Any CPU
		{E7000A4C-8083-464C-86D2-3445BAA944A1}.Debug|Any CPU.Build.0 = Debug|Any CPU
		{E7000A4C-8083-464C-86D2-3445BAA944A1}.Release|Any CPU.ActiveCfg = Release|Any CPU
		{E7000A4C-8083-464C-86D2-3445BAA944A1}.Release|Any CPU.Build.0 = Release|Any CPU
		{0C634BE5-ADE6-4B86-BDBF-E90093E0C835}.Debug|Any CPU.ActiveCfg = Debug|Any CPU
		{0C634BE5-ADE6-4B86-BDBF-E90093E0C835}.Debug|Any CPU.Build.0 = Debug|Any CPU
		{0C634BE5-ADE6-4B86-BDBF-E90093E0C835}.Release|Any CPU.ActiveCfg = Release|Any CPU
		{0C634BE5-ADE6-4B86-BDBF-E90093E0C835}.Release|Any CPU.Build.0 = Release|Any CPU
		{F19ACAA7-B338-42CE-868C-FF8CDA33C1C7}.Debug|Any CPU.ActiveCfg = Debug|Any CPU
		{F19ACAA7-B338-42CE-868C-FF8CDA33C1C7}.Debug|Any CPU.Build.0 = Debug|Any CPU
		{F19ACAA7-B338-42CE-868C-FF8CDA33C1C7}.Release|Any CPU.ActiveCfg = Release|Any CPU
		{F19ACAA7-B338-42CE-868C-FF8CDA33C1C7}.Release|Any CPU.Build.0 = Release|Any CPU
		{5E6B7C3B-2770-41EF-9EC7-2B25CAE07FF7}.Debug|Any CPU.ActiveCfg = Debug|Any CPU
		{5E6B7C3B-2770-41EF-9EC7-2B25CAE07FF7}.Debug|Any CPU.Build.0 = Debug|Any CPU
		{5E6B7C3B-2770-41EF-9EC7-2B25CAE07FF7}.Release|Any CPU.ActiveCfg = Release|Any CPU
		{5E6B7C3B-2770-41EF-9EC7-2B25CAE07FF7}.Release|Any CPU.Build.0 = Release|Any CPU
		{BB481D8B-91F1-4334-A556-9C7D4C5FDB5A}.Debug|Any CPU.ActiveCfg = Debug|Any CPU
		{BB481D8B-91F1-4334-A556-9C7D4C5FDB5A}.Debug|Any CPU.Build.0 = Debug|Any CPU
		{BB481D8B-91F1-4334-A556-9C7D4C5FDB5A}.Release|Any CPU.ActiveCfg = Release|Any CPU
		{BB481D8B-91F1-4334-A556-9C7D4C5FDB5A}.Release|Any CPU.Build.0 = Release|Any CPU
		{E75A003F-2DCF-4248-AF9D-D8AA9B7F9712}.Debug|Any CPU.ActiveCfg = Debug|Any CPU
		{E75A003F-2DCF-4248-AF9D-D8AA9B7F9712}.Debug|Any CPU.Build.0 = Debug|Any CPU
		{E75A003F-2DCF-4248-AF9D-D8AA9B7F9712}.Release|Any CPU.ActiveCfg = Release|Any CPU
		{E75A003F-2DCF-4248-AF9D-D8AA9B7F9712}.Release|Any CPU.Build.0 = Release|Any CPU
		{9BAD9CA8-4FE7-4810-965C-61332535E3B3}.Debug|Any CPU.ActiveCfg = Debug|Any CPU
		{9BAD9CA8-4FE7-4810-965C-61332535E3B3}.Debug|Any CPU.Build.0 = Debug|Any CPU
		{9BAD9CA8-4FE7-4810-965C-61332535E3B3}.Release|Any CPU.ActiveCfg = Release|Any CPU
		{9BAD9CA8-4FE7-4810-965C-61332535E3B3}.Release|Any CPU.Build.0 = Release|Any CPU
		{966A35F7-3CE7-49A5-B77A-F4714EA9A98C}.Debug|Any CPU.ActiveCfg = Debug|Any CPU
		{966A35F7-3CE7-49A5-B77A-F4714EA9A98C}.Debug|Any CPU.Build.0 = Debug|Any CPU
		{966A35F7-3CE7-49A5-B77A-F4714EA9A98C}.Release|Any CPU.ActiveCfg = Release|Any CPU
		{966A35F7-3CE7-49A5-B77A-F4714EA9A98C}.Release|Any CPU.Build.0 = Release|Any CPU
		{3DA7B014-CCC1-441A-8054-2DE269A498D8}.Debug|Any CPU.ActiveCfg = Debug|Any CPU
		{3DA7B014-CCC1-441A-8054-2DE269A498D8}.Debug|Any CPU.Build.0 = Debug|Any CPU
		{3DA7B014-CCC1-441A-8054-2DE269A498D8}.Release|Any CPU.ActiveCfg = Release|Any CPU
		{3DA7B014-CCC1-441A-8054-2DE269A498D8}.Release|Any CPU.Build.0 = Release|Any CPU
	EndGlobalSection
	GlobalSection(SolutionProperties) = preSolution
		HideSolutionNode = FALSE
	EndGlobalSection
	GlobalSection(ExtensibilityGlobals) = postSolution
		SolutionGuid = {1681417C-FAE1-44A9-8828-3B2E7947A383}
	EndGlobalSection
EndGlobal
